{
  "name": "parse-dat-url",
  "version": "3.0.3",
  "lockfileVersion": 1,
  "requires": true,
  "dependencies": {
    "url-polyfill": {
      "version": "1.0.6",
      "resolved": "https://registry.npmjs.org/url-polyfill/-/url-polyfill-1.0.6.tgz",
      "integrity": "sha512-PO9zm1m5UPMv+QApB1C/ipunOV35MtlDB1SHjCkNhqt7I7HG3aztFR8cWsimghxjfIlb1cwEzjQaTNc+4Ckn0g=="
    }
  }
}
